
Microsoft Visual Studio Solution File, Format Version 12.00
# Visual Studio 15
VisualStudioVersion = 15.0.26124.0
MinimumVisualStudioVersion = 15.0.26124.0
Project("{FAE04EC0-301F-11D3-BF4B-00C04F79EFBC}") = "Business", "Business\Business.csproj", "{EF7D11FC-B856-4380-BA2D-E6616EA20A5A}"
EndProject
Project("{FAE04EC0-301F-11D3-BF4B-00C04F79EFBC}") = "Client", "Client\Client.csproj", "{0309B2BB-D1FF-40E6-94FB-DE27AEEDC291}"
EndProject
Project("{FAE04EC0-301F-11D3-BF4B-00C04F79EFBC}") = "Entities", "Entities\Entities.csproj", "{8914B9B9-756D-4C1C-8A6C-E1CEAC707144}"
EndProject
Project("{FAE04EC0-301F-11D3-BF4B-00C04F79EFBC}") = "Persistence", "Persistence\Persistence.csproj", "{DA226CCD-D070-445F-A6F3-244434D7C81F}"
EndProject
Project("{FAE04EC0-301F-11D3-BF4B-00C04F79EFBC}") = "Protocol", "Protocol\Protocol.csproj", "{4ED1BC47-C23B-41CB-8EE4-F8FDC4885E80}"
EndProject
Project("{FAE04EC0-301F-11D3-BF4B-00C04F79EFBC}") = "Server", "Server\Server.csproj", "{7DAE1436-0EED-4BA3-A7B9-BF96F2505F1E}"
EndProject
Project("{FAE04EC0-301F-11D3-BF4B-00C04F79EFBC}") = "UI", "UI\UI.csproj", "{DAC64B1F-DB6B-414F-B982-BF5F7E092ED2}"
EndProject
Global
	GlobalSection(SolutionConfigurationPlatforms) = preSolution
		Debug|Any CPU = Debug|Any CPU
		Debug|x64 = Debug|x64
		Debug|x86 = Debug|x86
		Release|Any CPU = Release|Any CPU
		Release|x64 = Release|x64
		Release|x86 = Release|x86
	EndGlobalSection
	GlobalSection(SolutionProperties) = preSolution
		HideSolutionNode = FALSE
	EndGlobalSection
	GlobalSection(ProjectConfigurationPlatforms) = postSolution
		{EF7D11FC-B856-4380-BA2D-E6616EA20A5A}.Debug|Any CPU.ActiveCfg = Debug|Any CPU
		{EF7D11FC-B856-4380-BA2D-E6616EA20A5A}.Debug|Any CPU.Build.0 = Debug|Any CPU
		{EF7D11FC-B856-4380-BA2D-E6616EA20A5A}.Debug|x64.ActiveCfg = Debug|Any CPU
		{EF7D11FC-B856-4380-BA2D-E6616EA20A5A}.Debug|x64.Build.0 = Debug|Any CPU
		{EF7D11FC-B856-4380-BA2D-E6616EA20A5A}.Debug|x86.ActiveCfg = Debug|Any CPU
		{EF7D11FC-B856-4380-BA2D-E6616EA20A5A}.Debug|x86.Build.0 = Debug|Any CPU
		{EF7D11FC-B856-4380-BA2D-E6616EA20A5A}.Release|Any CPU.ActiveCfg = Release|Any CPU
		{EF7D11FC-B856-4380-BA2D-E6616EA20A5A}.Release|Any CPU.Build.0 = Release|Any CPU
		{EF7D11FC-B856-4380-BA2D-E6616EA20A5A}.Release|x64.ActiveCfg = Release|Any CPU
		{EF7D11FC-B856-4380-BA2D-E6616EA20A5A}.Release|x64.Build.0 = Release|Any CPU
		{EF7D11FC-B856-4380-BA2D-E6616EA20A5A}.Release|x86.ActiveCfg = Release|Any CPU
		{EF7D11FC-B856-4380-BA2D-E6616EA20A5A}.Release|x86.Build.0 = Release|Any CPU
		{0309B2BB-D1FF-40E6-94FB-DE27AEEDC291}.Debug|Any CPU.ActiveCfg = Debug|Any CPU
		{0309B2BB-D1FF-40E6-94FB-DE27AEEDC291}.Debug|Any CPU.Build.0 = Debug|Any CPU
		{0309B2BB-D1FF-40E6-94FB-DE27AEEDC291}.Debug|x64.ActiveCfg = Debug|Any CPU
		{0309B2BB-D1FF-40E6-94FB-DE27AEEDC291}.Debug|x64.Build.0 = Debug|Any CPU
		{0309B2BB-D1FF-40E6-94FB-DE27AEEDC291}.Debug|x86.ActiveCfg = Debug|Any CPU
		{0309B2BB-D1FF-40E6-94FB-DE27AEEDC291}.Debug|x86.Build.0 = Debug|Any CPU
		{0309B2BB-D1FF-40E6-94FB-DE27AEEDC291}.Release|Any CPU.ActiveCfg = Release|Any CPU
		{0309B2BB-D1FF-40E6-94FB-DE27AEEDC291}.Release|Any CPU.Build.0 = Release|Any CPU
		{0309B2BB-D1FF-40E6-94FB-DE27AEEDC291}.Release|x64.ActiveCfg = Release|Any CPU
		{0309B2BB-D1FF-40E6-94FB-DE27AEEDC291}.Release|x64.Build.0 = Release|Any CPU
		{0309B2BB-D1FF-40E6-94FB-DE27AEEDC291}.Release|x86.ActiveCfg = Release|Any CPU
		{0309B2BB-D1FF-40E6-94FB-DE27AEEDC291}.Release|x86.Build.0 = Release|Any CPU
		{8914B9B9-756D-4C1C-8A6C-E1CEAC707144}.Debug|Any CPU.ActiveCfg = Debug|Any CPU
		{8914B9B9-756D-4C1C-8A6C-E1CEAC707144}.Debug|Any CPU.Build.0 = Debug|Any CPU
		{8914B9B9-756D-4C1C-8A6C-E1CEAC707144}.Debug|x64.ActiveCfg = Debug|Any CPU
		{8914B9B9-756D-4C1C-8A6C-E1CEAC707144}.Debug|x64.Build.0 = Debug|Any CPU
		{8914B9B9-756D-4C1C-8A6C-E1CEAC707144}.Debug|x86.ActiveCfg = Debug|Any CPU
		{8914B9B9-756D-4C1C-8A6C-E1CEAC707144}.Debug|x86.Build.0 = Debug|Any CPU
		{8914B9B9-756D-4C1C-8A6C-E1CEAC707144}.Release|Any CPU.ActiveCfg = Release|Any CPU
		{8914B9B9-756D-4C1C-8A6C-E1CEAC707144}.Release|Any CPU.Build.0 = Release|Any CPU
		{8914B9B9-756D-4C1C-8A6C-E1CEAC707144}.Release|x64.ActiveCfg = Release|Any CPU
		{8914B9B9-756D-4C1C-8A6C-E1CEAC707144}.Release|x64.Build.0 = Release|Any CPU
		{8914B9B9-756D-4C1C-8A6C-E1CEAC707144}.Release|x86.ActiveCfg = Release|Any CPU
		{8914B9B9-756D-4C1C-8A6C-E1CEAC707144}.Release|x86.Build.0 = Release|Any CPU
		{DA226CCD-D070-445F-A6F3-244434D7C81F}.Debug|Any CPU.ActiveCfg = Debug|Any CPU
		{DA226CCD-D070-445F-A6F3-244434D7C81F}.Debug|Any CPU.Build.0 = Debug|Any CPU
		{DA226CCD-D070-445F-A6F3-244434D7C81F}.Debug|x64.ActiveCfg = Debug|Any CPU
		{DA226CCD-D070-445F-A6F3-244434D7C81F}.Debug|x64.Build.0 = Debug|Any CPU
		{DA226CCD-D070-445F-A6F3-244434D7C81F}.Debug|x86.ActiveCfg = Debug|Any CPU
		{DA226CCD-D070-445F-A6F3-244434D7C81F}.Debug|x86.Build.0 = Debug|Any CPU
		{DA226CCD-D070-445F-A6F3-244434D7C81F}.Release|Any CPU.ActiveCfg = Release|Any CPU
		{DA226CCD-D070-445F-A6F3-244434D7C81F}.Release|Any CPU.Build.0 = Release|Any CPU
		{DA226CCD-D070-445F-A6F3-244434D7C81F}.Release|x64.ActiveCfg = Release|Any CPU
		{DA226CCD-D070-445F-A6F3-244434D7C81F}.Release|x64.Build.0 = Release|Any CPU
		{DA226CCD-D070-445F-A6F3-244434D7C81F}.Release|x86.ActiveCfg = Release|Any CPU
		{DA226CCD-D070-445F-A6F3-244434D7C81F}.Release|x86.Build.0 = Release|Any CPU
		{4ED1BC47-C23B-41CB-8EE4-F8FDC4885E80}.Debug|Any CPU.ActiveCfg = Debug|Any CPU
		{4ED1BC47-C23B-41CB-8EE4-F8FDC4885E80}.Debug|Any CPU.Build.0 = Debug|Any CPU
		{4ED1BC47-C23B-41CB-8EE4-F8FDC4885E80}.Debug|x64.ActiveCfg = Debug|Any CPU
		{4ED1BC47-C23B-41CB-8EE4-F8FDC4885E80}.Debug|x64.Build.0 = Debug|Any CPU
		{4ED1BC47-C23B-41CB-8EE4-F8FDC4885E80}.Debug|x86.ActiveCfg = Debug|Any CPU
		{4ED1BC47-C23B-41CB-8EE4-F8FDC4885E80}.Debug|x86.Build.0 = Debug|Any CPU
		{4ED1BC47-C23B-41CB-8EE4-F8FDC4885E80}.Release|Any CPU.ActiveCfg = Release|Any CPU
		{4ED1BC47-C23B-41CB-8EE4-F8FDC4885E80}.Release|Any CPU.Build.0 = Release|Any CPU
		{4ED1BC47-C23B-41CB-8EE4-F8FDC4885E80}.Release|x64.ActiveCfg = Release|Any CPU
		{4ED1BC47-C23B-41CB-8EE4-F8FDC4885E80}.Release|x64.Build.0 = Release|Any CPU
		{4ED1BC47-C23B-41CB-8EE4-F8FDC4885E80}.Release|x86.ActiveCfg = Release|Any CPU
		{4ED1BC47-C23B-41CB-8EE4-F8FDC4885E80}.Release|x86.Build.0 = Release|Any CPU
		{7DAE1436-0EED-4BA3-A7B9-BF96F2505F1E}.Debug|Any CPU.ActiveCfg = Debug|Any CPU
		{7DAE1436-0EED-4BA3-A7B9-BF96F2505F1E}.Debug|Any CPU.Build.0 = Debug|Any CPU
		{7DAE1436-0EED-4BA3-A7B9-BF96F2505F1E}.Debug|x64.ActiveCfg = Debug|Any CPU
		{7DAE1436-0EED-4BA3-A7B9-BF96F2505F1E}.Debug|x64.Build.0 = Debug|Any CPU
		{7DAE1436-0EED-4BA3-A7B9-BF96F2505F1E}.Debug|x86.ActiveCfg = Debug|Any CPU
		{7DAE1436-0EED-4BA3-A7B9-BF96F2505F1E}.Debug|x86.Build.0 = Debug|Any CPU
		{7DAE1436-0EED-4BA3-A7B9-BF96F2505F1E}.Release|Any CPU.ActiveCfg = Release|Any CPU
		{7DAE1436-0EED-4BA3-A7B9-BF96F2505F1E}.Release|Any CPU.Build.0 = Release|Any CPU
		{7DAE1436-0EED-4BA3-A7B9-BF96F2505F1E}.Release|x64.ActiveCfg = Release|Any CPU
		{7DAE1436-0EED-4BA3-A7B9-BF96F2505F1E}.Release|x64.Build.0 = Release|Any CPU
		{7DAE1436-0EED-4BA3-A7B9-BF96F2505F1E}.Release|x86.ActiveCfg = Release|Any CPU
		{7DAE1436-0EED-4BA3-A7B9-BF96F2505F1E}.Release|x86.Build.0 = Release|Any CPU
		{DAC64B1F-DB6B-414F-B982-BF5F7E092ED2}.Debug|Any CPU.ActiveCfg = Debug|Any CPU
		{DAC64B1F-DB6B-414F-B982-BF5F7E092ED2}.Debug|Any CPU.Build.0 = Debug|Any CPU
		{DAC64B1F-DB6B-414F-B982-BF5F7E092ED2}.Debug|x64.ActiveCfg = Debug|Any CPU
		{DAC64B1F-DB6B-414F-B982-BF5F7E092ED2}.Debug|x64.Build.0 = Debug|Any CPU
		{DAC64B1F-DB6B-414F-B982-BF5F7E092ED2}.Debug|x86.ActiveCfg = Debug|Any CPU
		{DAC64B1F-DB6B-414F-B982-BF5F7E092ED2}.Debug|x86.Build.0 = Debug|Any CPU
		{DAC64B1F-DB6B-414F-B982-BF5F7E092ED2}.Release|Any CPU.ActiveCfg = Release|Any CPU
		{DAC64B1F-DB6B-414F-B982-BF5F7E092ED2}.Release|Any CPU.Build.0 = Release|Any CPU
		{DAC64B1F-DB6B-414F-B982-BF5F7E092ED2}.Release|x64.ActiveCfg = Release|Any CPU
		{DAC64B1F-DB6B-414F-B982-BF5F7E092ED2}.Release|x64.Build.0 = Release|Any CPU
		{DAC64B1F-DB6B-414F-B982-BF5F7E092ED2}.Release|x86.ActiveCfg = Release|Any CPU
		{DAC64B1F-DB6B-414F-B982-BF5F7E092ED2}.Release|x86.Build.0 = Release|Any CPU
	EndGlobalSection
EndGlobal
